
Microsoft Visual Studio Solution File, Format Version 12.00
# Visual Studio Version 16
VisualStudioVersion = 16.0.30204.135
MinimumVisualStudioVersion = 10.0.40219.1
Project("{9A19103F-16F7-4668-BE54-9A1E7A4F7556}") = "Aua.NET.Core.5.ConsoleApp", "src\Aua.NET.Core.5.ConsoleApp\Aua.NET.Core.5.ConsoleApp.csproj", "{DB1DCA3A-C931-4D6F-B042-F7AA3FB8EFB2}"
EndProject
Global
	GlobalSection(SolutionConfigurationPlatforms) = preSolution
		Debug|Any CPU = Debug|Any CPU
		Release|Any CPU = Release|Any CPU
	EndGlobalSection
	GlobalSection(ProjectConfigurationPlatforms) = postSolution
		{DB1DCA3A-C931-4D6F-B042-F7AA3FB8EFB2}.Debug|Any CPU.ActiveCfg = Debug|Any CPU
		{DB1DCA3A-C931-4D6F-B042-F7AA3FB8EFB2}.Debug|Any CPU.Build.0 = Debug|Any CPU
		{DB1DCA3A-C931-4D6F-B042-F7AA3FB8EFB2}.Release|Any CPU.ActiveCfg = Release|Any CPU
		{DB1DCA3A-C931-4D6F-B042-F7AA3FB8EFB2}.Release|Any CPU.Build.0 = Release|Any CPU
	EndGlobalSection
	GlobalSection(SolutionProperties) = preSolution
		HideSolutionNode = FALSE
	EndGlobalSection
	GlobalSection(ExtensibilityGlobals) = postSolution
		SolutionGuid = {F3C1AB69-FDFA-4C73-9E4F-EC5DE81D8184}
	EndGlobalSection
EndGlobal
